
Microsoft Visual Studio Solution File, Format Version 12.00
# Visual Studio Version 17
VisualStudioVersion = 17.3.32929.385
MinimumVisualStudioVersion = 10.0.40219.1
Project("{FAE04EC0-301F-11D3-BF4B-00C04F79EFBC}") = "EazyQuiz_Server", "EazyQuiz_Server.csproj", "{1117E53A-2927-4920-829B-F417949E9F33}"
EndProject
Global
	GlobalSection(SolutionConfigurationPlatforms) = preSolution
		Debug|Any CPU = Debug|Any CPU
		Release|Any CPU = Release|Any CPU
	EndGlobalSection
	GlobalSection(ProjectConfigurationPlatforms) = postSolution
		{1117E53A-2927-4920-829B-F417949E9F33}.Debug|Any CPU.ActiveCfg = Debug|Any CPU
		{1117E53A-2927-4920-829B-F417949E9F33}.Debug|Any CPU.Build.0 = Debug|Any CPU
		{1117E53A-2927-4920-829B-F417949E9F33}.Release|Any CPU.ActiveCfg = Release|Any CPU
		{1117E53A-2927-4920-829B-F417949E9F33}.Release|Any CPU.Build.0 = Release|Any CPU
	EndGlobalSection
	GlobalSection(SolutionProperties) = preSolution
		HideSolutionNode = FALSE
	EndGlobalSection
	GlobalSection(ExtensibilityGlobals) = postSolution
		SolutionGuid = {DEA3C179-8416-4361-BD9B-640FBE0636AE}
	EndGlobalSection
EndGlobal
